
Microsoft Visual Studio Solution File, Format Version 12.00
# Visual Studio Version 17
VisualStudioVersion = 17.9.34622.214
MinimumVisualStudioVersion = 10.0.40219.1
Project("{FAE04EC0-301F-11D3-BF4B-00C04F79EFBC}") = "DescrHill", "Calculator\DescrHill.csproj", "{7F267EB6-DD3B-4C33-B314-B551BA312E21}"
EndProject
Project("{FAE04EC0-301F-11D3-BF4B-00C04F79EFBC}") = "EncrHill", "EncrHill\EncrHill.csproj", "{8F9150CE-749B-4145-AE5F-5F32E1014005}"
EndProject
Global
	GlobalSection(SolutionConfigurationPlatforms) = preSolution
		Debug|Any CPU = Debug|Any CPU
		Release|Any CPU = Release|Any CPU
	EndGlobalSection
	GlobalSection(ProjectConfigurationPlatforms) = postSolution
		{7F267EB6-DD3B-4C33-B314-B551BA312E21}.Debug|Any CPU.ActiveCfg = Debug|Any CPU
		{7F267EB6-DD3B-4C33-B314-B551BA312E21}.Debug|Any CPU.Build.0 = Debug|Any CPU
		{7F267EB6-DD3B-4C33-B314-B551BA312E21}.Release|Any CPU.ActiveCfg = Release|Any CPU
		{7F267EB6-DD3B-4C33-B314-B551BA312E21}.Release|Any CPU.Build.0 = Release|Any CPU
		{8F9150CE-749B-4145-AE5F-5F32E1014005}.Debug|Any CPU.ActiveCfg = Debug|Any CPU
		{8F9150CE-749B-4145-AE5F-5F32E1014005}.Debug|Any CPU.Build.0 = Debug|Any CPU
		{8F9150CE-749B-4145-AE5F-5F32E1014005}.Release|Any CPU.ActiveCfg = Release|Any CPU
		{8F9150CE-749B-4145-AE5F-5F32E1014005}.Release|Any CPU.Build.0 = Release|Any CPU
	EndGlobalSection
	GlobalSection(SolutionProperties) = preSolution
		HideSolutionNode = FALSE
	EndGlobalSection
	GlobalSection(ExtensibilityGlobals) = postSolution
		SolutionGuid = {7D724A8F-688B-42D3-A279-1236B6BDF154}
	EndGlobalSection
EndGlobal
